
Microsoft Visual Studio Solution File, Format Version 12.00
# Visual Studio Version 17
VisualStudioVersion = 17.4.33205.214
MinimumVisualStudioVersion = 10.0.40219.1
Project("{FAE04EC0-301F-11D3-BF4B-00C04F79EFBC}") = "ADO.NET_Project_1270249", "ADO.NET_Project_1270249\ADO.NET_Project_1270249.csproj", "{BC19E837-DE36-43CA-9277-17EA7AE85332}"
EndProject
Global
	GlobalSection(SolutionConfigurationPlatforms) = preSolution
		Debug|Any CPU = Debug|Any CPU
		Release|Any CPU = Release|Any CPU
	EndGlobalSection
	GlobalSection(ProjectConfigurationPlatforms) = postSolution
		{BC19E837-DE36-43CA-9277-17EA7AE85332}.Debug|Any CPU.ActiveCfg = Debug|Any CPU
		{BC19E837-DE36-43CA-9277-17EA7AE85332}.Debug|Any CPU.Build.0 = Debug|Any CPU
		{BC19E837-DE36-43CA-9277-17EA7AE85332}.Release|Any CPU.ActiveCfg = Release|Any CPU
		{BC19E837-DE36-43CA-9277-17EA7AE85332}.Release|Any CPU.Build.0 = Release|Any CPU
	EndGlobalSection
	GlobalSection(SolutionProperties) = preSolution
		HideSolutionNode = FALSE
	EndGlobalSection
	GlobalSection(ExtensibilityGlobals) = postSolution
		SolutionGuid = {728D000E-230A-4552-93CA-A9B06F33B290}
	EndGlobalSection
EndGlobal
